schema: '2.0'
stages:
  get_data:
    cmd: python src/get_data.py
    deps:
    - path: src/get_data.py
      hash: md5
      md5: c86b00dc812b5dfd2a2545ce2f858949
      size: 638
      isexec: true
    outs:
    - path: smsspamcollection
      hash: md5
      md5: 5a84bb806c75cbc704c9fb17e1ba8e44.dir
      size: 604940
      nfiles: 3
  preprocess:
    cmd: python src/text_preprocessing.py
    deps:
    - path: smsspamcollection/SMSSpamCollection
      hash: md5
      md5: 1486bd45728415fc3ffb5496c7a65f57
      size: 259898
      isexec: true
    - path: src/text_preprocessing.py
      hash: md5
      md5: 6fc3ca0303398eed27fb7802ba3b7554
      size: 2620
      isexec: true
    outs:
    - path: output/preprocessed_data.joblib
      hash: md5
      md5: 4b8f0f579128145a6bca237e619bc994
      size: 374924
      isexec: true
    - path: output/preprocessor.joblib
      hash: md5
      md5: 52053a1ad487f596859fd2be3e87f642
      size: 162649
      isexec: true
  train:
    cmd: python src/text_classification.py
    deps:
    - path: output/preprocessed_data.joblib
      hash: md5
      md5: 4b8f0f579128145a6bca237e619bc994
      size: 374924
      isexec: true
    - path: src/text_classification.py
      hash: md5
      md5: 6ad90253f2a598df585314efd8e8e0f5
      size: 3592
      isexec: true
    outs:
    - path: output/accuracy_scores.png
      hash: md5
      md5: c410a14bf29ed26a94fa93e678823e6c
      size: 23888
      isexec: true
    - path: output/metrics.json
      hash: md5
      md5: ea18feda6c3e9f11599c993d3900956a
      size: 36
      isexec: true
    - path: output/misclassified_msgs.txt
      hash: md5
      md5: a21338e832b0b89ffd44ca8a30192ec6
      size: 64116
      isexec: true
    - path: output/model.joblib
      hash: md5
      md5: 4469add5fc2a8c0aa5351aa17c413a78
      size: 13561
      isexec: true
