schema: '2.0'
stages:
  get_data:
    cmd: python src/get_data.py
    deps:
    - path: src/get_data.py
      hash: md5
      md5: 6898b34d39b7a23ac5fad6a08b8b0ff1
      size: 638
      isexec: true
    outs:
    - path: smsspamcollection
      hash: md5
      md5: 98c8e6651ea0eec3c8dc40aa13dc0760.dir
      size: 518973
      nfiles: 3
  preprocess:
    cmd: python src/text_preprocessing.py
    deps:
    - path: smsspamcollection/SMSSpamCollection
      hash: md5
      md5: 5ef4e4ba42ed64027b1418dd9ff1f586
      size: 173931
      isexec: true
    - path: src/text_preprocessing.py
      hash: md5
      md5: 6fc3ca0303398eed27fb7802ba3b7554
      size: 2620
      isexec: true
    outs:
    - path: output/preprocessed_data.joblib
      hash: md5
      md5: 8b039260f32e9c7da5a12c4ec5f7e202
      size: 251348
      isexec: true
    - path: output/preprocessor.joblib
      hash: md5
      md5: 57fb95c800338d9b6a3b19de9b1c72bf
      size: 128457
      isexec: true
  train:
    cmd: python src/text_classification.py
    deps:
    - path: output/preprocessed_data.joblib
      hash: md5
      md5: 8b039260f32e9c7da5a12c4ec5f7e202
      size: 251348
      isexec: true
    - path: src/text_classification.py
      hash: md5
      md5: ae2d48cbf2f5b12d96e08773f1253ef6
      size: 3592
      isexec: true
    outs:
    - path: output/accuracy_scores.png
      hash: md5
      md5: 704582d4e619dc27e3ed9ec7a9543d39
      size: 23924
      isexec: true
    - path: output/metrics.json
      hash: md5
      md5: 24aa64996571e00b753dcaa5d7504423
      size: 36
      isexec: true
    - path: output/misclassified_msgs.txt
      hash: md5
      md5: 56efe9cb87293f622ffdacd4304f4c9b
      size: 41275
      isexec: true
    - path: output/model.joblib
      hash: md5
      md5: 607663f4ca609a9fb9c63db33469115f
      size: 10681
      isexec: true
